// !$*UTF8*$!
{
	archiveVersion = 1;
	classes = {
	};
	objectVersion = 55;
	objects = {

/* Begin PBXBuildFile section */
		ED5FEC39279798AD00AAB4F8 /* IsabelLibraryApp.swift in Sources */ = {isa = PBXBuildFile; fileRef = ED5FEC38279798AD00AAB4F8 /* IsabelLibraryApp.swift */; };
		ED5FEC3B279798AD00AAB4F8 /* ContentView.swift in Sources */ = {isa = PBXBuildFile; fileRef = ED5FEC3A279798AD00AAB4F8 /* ContentView.swift */; };
		ED5FEC3D279798AD00AAB4F8 /* Assets.xcassets in Resources */ = {isa = PBXBuildFile; fileRef = ED5FEC3C279798AD00AAB4F8 /* Assets.xcassets */; };
		ED5FEC40279798AD00AAB4F8 /* Preview Assets.xcassets in Resources */ = {isa = PBXBuildFile; fileRef = ED5FEC3F279798AD00AAB4F8 /* Preview Assets.xcassets */; };
		ED5FEC4C279839B900AAB4F8 /* LibraryList.swift in Sources */ = {isa = PBXBuildFile; fileRef = ED5FEC4B279839B900AAB4F8 /* LibraryList.swift */; };
		ED5FEC4E279839D500AAB4F8 /* BookDetails.swift in Sources */ = {isa = PBXBuildFile; fileRef = ED5FEC4D279839D500AAB4F8 /* BookDetails.swift */; };
		ED5FEC5027983A1000AAB4F8 /* BookView.swift in Sources */ = {isa = PBXBuildFile; fileRef = ED5FEC4F27983A1000AAB4F8 /* BookView.swift */; };
		ED5FEC5227983AA800AAB4F8 /* Data.json in Resources */ = {isa = PBXBuildFile; fileRef = ED5FEC5127983AA800AAB4F8 /* Data.json */; };
		ED5FEC5427983CC900AAB4F8 /* Books.swift in Sources */ = {isa = PBXBuildFile; fileRef = ED5FEC5327983CC900AAB4F8 /* Books.swift */; };
		ED5FEC5627983E2300AAB4F8 /* DataService.swift in Sources */ = {isa = PBXBuildFile; fileRef = ED5FEC5527983E2300AAB4F8 /* DataService.swift */; };
		ED5FEC582798BDE800AAB4F8 /* BookViewModel.swift in Sources */ = {isa = PBXBuildFile; fileRef = ED5FEC572798BDE800AAB4F8 /* BookViewModel.swift */; };
/* End PBXBuildFile section */

/* Begin PBXFileReference section */
		ED5FEC35279798AD00AAB4F8 /* IsabelLibrary.app */ = {isa = PBXFileReference; explicitFileType = wrapper.application; includeInIndex = 0; path = IsabelLibrary.app; sourceTree = BUILT_PRODUCTS_DIR; };
		ED5FEC38279798AD00AAB4F8 /* IsabelLibraryApp.swift */ = {isa = PBXFileReference; lastKnownFileType = sourcecode.swift; path = IsabelLibraryApp.swift; sourceTree = "<group>"; };
		ED5FEC3A279798AD00AAB4F8 /* ContentView.swift */ = {isa = PBXFileReference; lastKnownFileType = sourcecode.swift; path = ContentView.swift; sourceTree = "<group>"; };
		ED5FEC3C279798AD00AAB4F8 /* Assets.xcassets */ = {isa = PBXFileReference; lastKnownFileType = folder.assetcatalog; path = Assets.xcassets; sourceTree = "<group>"; };
		ED5FEC3F279798AD00AAB4F8 /* Preview Assets.xcassets */ = {isa = PBXFileReference; lastKnownFileType = folder.assetcatalog; path = "Preview Assets.xcassets"; sourceTree = "<group>"; };
		ED5FEC4B279839B900AAB4F8 /* LibraryList.swift */ = {isa = PBXFileReference; lastKnownFileType = sourcecode.swift; path = LibraryList.swift; sourceTree = "<group>"; };
		ED5FEC4D279839D500AAB4F8 /* BookDetails.swift */ = {isa = PBXFileReference; lastKnownFileType = sourcecode.swift; path = BookDetails.swift; sourceTree = "<group>"; };
		ED5FEC4F27983A1000AAB4F8 /* BookView.swift */ = {isa = PBXFileReference; lastKnownFileType = sourcecode.swift; path = BookView.swift; sourceTree = "<group>"; };
		ED5FEC5127983AA800AAB4F8 /* Data.json */ = {isa = PBXFileReference; fileEncoding = 4; lastKnownFileType = text.json; path = Data.json; sourceTree = "<group>"; };
		ED5FEC5327983CC900AAB4F8 /* Books.swift */ = {isa = PBXFileReference; lastKnownFileType = sourcecode.swift; path = Books.swift; sourceTree = "<group>"; };
		ED5FEC5527983E2300AAB4F8 /* DataService.swift */ = {isa = PBXFileReference; lastKnownFileType = sourcecode.swift; path = DataService.swift; sourceTree = "<group>"; };
		ED5FEC572798BDE800AAB4F8 /* BookViewModel.swift */ = {isa = PBXFileReference; lastKnownFileType = sourcecode.swift; path = BookViewModel.swift; sourceTree = "<group>"; };
/* End PBXFileReference section */

/* Begin PBXFrameworksBuildPhase section */
		ED5FEC32279798AD00AAB4F8 /* Frameworks */ = {
			isa = PBXFrameworksBuildPhase;
			buildActionMask = 2147483647;
			files = (
			);
			runOnlyForDeploymentPostprocessing = 0;
		};
/* End PBXFrameworksBuildPhase section */

/* Begin PBXGroup section */
		ED5FEC2C279798AD00AAB4F8 = {
			isa = PBXGroup;
			children = (
				ED5FEC37279798AD00AAB4F8 /* IsabelLibrary */,
				ED5FEC36279798AD00AAB4F8 /* Products */,
			);
			sourceTree = "<group>";
		};
		ED5FEC36279798AD00AAB4F8 /* Products */ = {
			isa = PBXGroup;
			children = (
				ED5FEC35279798AD00AAB4F8 /* IsabelLibrary.app */,
			);
			name = Products;
			sourceTree = "<group>";
		};
		ED5FEC37279798AD00AAB4F8 /* IsabelLibrary */ = {
			isa = PBXGroup;
			children = (
				ED5FEC4627979AD500AAB4F8 /* View */,
				ED5FEC4827979AE600AAB4F8 /* ViewModel */,
				ED5FEC4727979ADE00AAB4F8 /* Model */,
				ED5FEC4A27979AFA00AAB4F8 /* Service */,
				ED5FEC4927979AF000AAB4F8 /* Data */,
				ED5FEC38279798AD00AAB4F8 /* IsabelLibraryApp.swift */,
				ED5FEC3A279798AD00AAB4F8 /* ContentView.swift */,
				ED5FEC3C279798AD00AAB4F8 /* Assets.xcassets */,
				ED5FEC3E279798AD00AAB4F8 /* Preview Content */,
			);
			path = IsabelLibrary;
			sourceTree = "<group>";
		};
		ED5FEC3E279798AD00AAB4F8 /* Preview Content */ = {
			isa = PBXGroup;
			children = (
				ED5FEC3F279798AD00AAB4F8 /* Preview Assets.xcassets */,
			);
			path = "Preview Content";
			sourceTree = "<group>";
		};
		ED5FEC4627979AD500AAB4F8 /* View */ = {
			isa = PBXGroup;
			children = (
				ED5FEC4B279839B900AAB4F8 /* LibraryList.swift */,
				ED5FEC4D279839D500AAB4F8 /* BookDetails.swift */,
				ED5FEC4F27983A1000AAB4F8 /* BookView.swift */,
			);
			path = View;
			sourceTree = "<group>";
		};
		ED5FEC4727979ADE00AAB4F8 /* Model */ = {
			isa = PBXGroup;
			children = (
				ED5FEC5327983CC900AAB4F8 /* Books.swift */,
			);
			path = Model;
			sourceTree = "<group>";
		};
		ED5FEC4827979AE600AAB4F8 /* ViewModel */ = {
			isa = PBXGroup;
			children = (
				ED5FEC572798BDE800AAB4F8 /* BookViewModel.swift */,
			);
			path = ViewModel;
			sourceTree = "<group>";
		};
		ED5FEC4927979AF000AAB4F8 /* Data */ = {
			isa = PBXGroup;
			children = (
				ED5FEC5127983AA800AAB4F8 /* Data.json */,
			);
			path = Data;
			sourceTree = "<group>";
		};
		ED5FEC4A27979AFA00AAB4F8 /* Service */ = {
			isa = PBXGroup;
			children = (
				ED5FEC5527983E2300AAB4F8 /* DataService.swift */,
			);
			path = Service;
			sourceTree = "<group>";
		};
/* End PBXGroup section */

/* Begin PBXNativeTarget section */
		ED5FEC34279798AD00AAB4F8 /* IsabelLibrary */ = {
			isa = PBXNativeTarget;
			buildConfigurationList = ED5FEC43279798AD00AAB4F8 /* Build configuration list for PBXNativeTarget "IsabelLibrary" */;
			buildPhases = (
				ED5FEC31279798AD00AAB4F8 /* Sources */,
				ED5FEC32279798AD00AAB4F8 /* Frameworks */,
				ED5FEC33279798AD00AAB4F8 /* Resources */,
			);
			buildRules = (
			);
			dependencies = (
			);
			name = IsabelLibrary;
			productName = IsabelLibrary;
			productReference = ED5FEC35279798AD00AAB4F8 /* IsabelLibrary.app */;
			productType = "com.apple.product-type.application";
		};
/* End PBXNativeTarget section */

/* Begin PBXProject section */
		ED5FEC2D279798AD00AAB4F8 /* Project object */ = {
			isa = PBXProject;
			attributes = {
				BuildIndependentTargetsInParallel = 1;
				LastSwiftUpdateCheck = 1310;
				LastUpgradeCheck = 1310;
				TargetAttributes = {
					ED5FEC34279798AD00AAB4F8 = {
						CreatedOnToolsVersion = 13.1;
					};
				};
			};
			buildConfigurationList = ED5FEC30279798AD00AAB4F8 /* Build configuration list for PBXProject "IsabelLibrary" */;
			compatibilityVersion = "Xcode 13.0";
			developmentRegion = en;
			hasScannedForEncodings = 0;
			knownRegions = (
				en,
				Base,
			);
			mainGroup = ED5FEC2C279798AD00AAB4F8;
			productRefGroup = ED5FEC36279798AD00AAB4F8 /* Products */;
			projectDirPath = "";
			projectRoot = "";
			targets = (
				ED5FEC34279798AD00AAB4F8 /* IsabelLibrary */,
			);
		};
/* End PBXProject section */

/* Begin PBXResourcesBuildPhase section */
		ED5FEC33279798AD00AAB4F8 /* Resources */ = {
			isa = PBXResourcesBuildPhase;
			buildActionMask = 2147483647;
			files = (
				ED5FEC40279798AD00AAB4F8 /* Preview Assets.xcassets in Resources */,
				ED5FEC3D279798AD00AAB4F8 /* Assets.xcassets in Resources */,
				ED5FEC5227983AA800AAB4F8 /* Data.json in Resources */,
			);
			runOnlyForDeploymentPostprocessing = 0;
		};
/* End PBXResourcesBuildPhase section */

/* Begin PBXSourcesBuildPhase section */
		ED5FEC31279798AD00AAB4F8 /* Sources */ = {
			isa = PBXSourcesBuildPhase;
			buildActionMask = 2147483647;
			files = (
				ED5FEC5427983CC900AAB4F8 /* Books.swift in Sources */,
				ED5FEC5627983E2300AAB4F8 /* DataService.swift in Sources */,
				ED5FEC4C279839B900AAB4F8 /* LibraryList.swift in Sources */,
				ED5FEC4E279839D500AAB4F8 /* BookDetails.swift in Sources */,
				ED5FEC3B279798AD00AAB4F8 /* ContentView.swift in Sources */,
				ED5FEC582798BDE800AAB4F8 /* BookViewModel.swift in Sources */,
				ED5FEC39279798AD00AAB4F8 /* IsabelLibraryApp.swift in Sources */,
				ED5FEC5027983A1000AAB4F8 /* BookView.swift in Sources */,
			);
			runOnlyForDeploymentPostprocessing = 0;
		};
/* End PBXSourcesBuildPhase section */

/* Begin XCBuildConfiguration section */
		ED5FEC41279798AD00AAB4F8 /* Debug */ = {
			isa = XCBuildConfiguration;
			buildSettings = {
				ALWAYS_SEARCH_USER_PATHS = NO;
				CLANG_ANALYZER_NONNULL = YES;
				CLANG_ANALYZER_NUMBER_OBJECT_CONVERSION = YES_AGGRESSIVE;
				CLANG_CXX_LANGUAGE_STANDARD = "gnu++17";
				CLANG_CXX_LIBRARY = "libc++";
				CLANG_ENABLE_MODULES = YES;
				CLANG_ENABLE_OBJC_ARC = YES;
				CLANG_ENABLE_OBJC_WEAK = YES;
				CLANG_WARN_BLOCK_CAPTURE_AUTORELEASING = YES;
				CLANG_WARN_BOOL_CONVERSION = YES;
				CLANG_WARN_COMMA = YES;
				CLANG_WARN_CONSTANT_CONVERSION = YES;
				CLANG_WARN_DEPRECATED_OBJC_IMPLEMENTATIONS = YES;
				CLANG_WARN_DIRECT_OBJC_ISA_USAGE = YES_ERROR;
				CLANG_WARN_DOCUMENTATION_COMMENTS = YES;
				CLANG_WARN_EMPTY_BODY = YES;
				CLANG_WARN_ENUM_CONVERSION = YES;
				CLANG_WARN_INFINITE_RECURSION = YES;
				CLANG_WARN_INT_CONVERSION = YES;
				CLANG_WARN_NON_LITERAL_NULL_CONVERSION = YES;
				CLANG_WARN_OBJC_IMPLICIT_RETAIN_SELF = YES;
				CLANG_WARN_OBJC_LITERAL_CONVERSION = YES;
				CLANG_WARN_OBJC_ROOT_CLASS = YES_ERROR;
				CLANG_WARN_QUOTED_INCLUDE_IN_FRAMEWORK_HEADER = YES;
				CLANG_WARN_RANGE_LOOP_ANALYSIS = YES;
				CLANG_WARN_STRICT_PROTOTYPES = YES;
				CLANG_WARN_SUSPICIOUS_MOVE = YES;
				CLANG_WARN_UNGUARDED_AVAILABILITY = YES_AGGRESSIVE;
				CLANG_WARN_UNREACHABLE_CODE = YES;
				CLANG_WARN__DUPLICATE_METHOD_MATCH = YES;
				COPY_PHASE_STRIP = NO;
				DEBUG_INFORMATION_FORMAT = dwarf;
				ENABLE_STRICT_OBJC_MSGSEND = YES;
				ENABLE_TESTABILITY = YES;
				GCC_C_LANGUAGE_STANDARD = gnu11;
				GCC_DYNAMIC_NO_PIC = NO;
				GCC_NO_COMMON_BLOCKS = YES;
				GCC_OPTIMIZATION_LEVEL = 0;
				GCC_PREPROCESSOR_DEFINITIONS = (
					"DEBUG=1",
					"$(inherited)",
				);
				GCC_WARN_64_TO_32_BIT_CONVERSION = YES;
				GCC_WARN_ABOUT_RETURN_TYPE = YES_ERROR;
				GCC_WARN_UNDECLARED_SELECTOR = YES;
				GCC_WARN_UNINITIALIZED_AUTOS = YES_AGGRESSIVE;
				GCC_WARN_UNUSED_FUNCTION = YES;
				GCC_WARN_UNUSED_VARIABLE = YES;
				IPHONEOS_DEPLOYMENT_TARGET = 15.0;
				MTL_ENABLE_DEBUG_INFO = INCLUDE_SOURCE;
				MTL_FAST_MATH = YES;
				ONLY_ACTIVE_ARCH = YES;
				SDKROOT = iphoneos;
				SWIFT_ACTIVE_COMPILATION_CONDITIONS = DEBUG;
				SWIFT_OPTIMIZATION_LEVEL = "-Onone";
			};
			name = Debug;
		};
		ED5FEC42279798AD00AAB4F8 /* Release */ = {
			isa = XCBuildConfiguration;
			buildSettings = {
				ALWAYS_SEARCH_USER_PATHS = NO;
				CLANG_ANALYZER_NONNULL = YES;
				CLANG_ANALYZER_NUMBER_OBJECT_CONVERSION = YES_AGGRESSIVE;
				CLANG_CXX_LANGUAGE_STANDARD = "gnu++17";
				CLANG_CXX_LIBRARY = "libc++";
				CLANG_ENABLE_MODULES = YES;
				CLANG_ENABLE_OBJC_ARC = YES;
				CLANG_ENABLE_OBJC_WEAK = YES;
				CLANG_WARN_BLOCK_CAPTURE_AUTORELEASING = YES;
				CLANG_WARN_BOOL_CONVERSION = YES;
				CLANG_WARN_COMMA = YES;
				CLANG_WARN_CONSTANT_CONVERSION = YES;
				CLANG_WARN_DEPRECATED_OBJC_IMPLEMENTATIONS = YES;
				CLANG_WARN_DIRECT_OBJC_ISA_USAGE = YES_ERROR;
				CLANG_WARN_DOCUMENTATION_COMMENTS = YES;
				CLANG_WARN_EMPTY_BODY = YES;
				CLANG_WARN_ENUM_CONVERSION = YES;
				CLANG_WARN_INFINITE_RECURSION = YES;
				CLANG_WARN_INT_CONVERSION = YES;
				CLANG_WARN_NON_LITERAL_NULL_CONVERSION = YES;
				CLANG_WARN_OBJC_IMPLICIT_RETAIN_SELF = YES;
				CLANG_WARN_OBJC_LITERAL_CONVERSION = YES;
				CLANG_WARN_OBJC_ROOT_CLASS = YES_ERROR;
				CLANG_WARN_QUOTED_INCLUDE_IN_FRAMEWORK_HEADER = YES;
				CLANG_WARN_RANGE_LOOP_ANALYSIS = YES;
				CLANG_WARN_STRICT_PROTOTYPES = YES;
				CLANG_WARN_SUSPICIOUS_MOVE = YES;
				CLANG_WARN_UNGUARDED_AVAILABILITY = YES_AGGRESSIVE;
				CLANG_WARN_UNREACHABLE_CODE = YES;
				CLANG_WARN__DUPLICATE_METHOD_MATCH = YES;
				COPY_PHASE_STRIP = NO;
				DEBUG_INFORMATION_FORMAT = "dwarf-with-dsym";
				ENABLE_NS_ASSERTIONS = NO;
				ENABLE_STRICT_OBJC_MSGSEND = YES;
				GCC_C_LANGUAGE_STANDARD = gnu11;
				GCC_NO_COMMON_BLOCKS = YES;
				GCC_WARN_64_TO_32_BIT_CONVERSION = YES;
				GCC_WARN_ABOUT_RETURN_TYPE = YES_ERROR;
				GCC_WARN_UNDECLARED_SELECTOR = YES;
				GCC_WARN_UNINITIALIZED_AUTOS = YES_AGGRESSIVE;
				GCC_WARN_UNUSED_FUNCTION = YES;
				GCC_WARN_UNUSED_VARIABLE = YES;
				IPHONEOS_DEPLOYMENT_TARGET = 15.0;
				MTL_ENABLE_DEBUG_INFO = NO;
				MTL_FAST_MATH = YES;
				SDKROOT = iphoneos;
				SWIFT_COMPILATION_MODE = wholemodule;
				SWIFT_OPTIMIZATION_LEVEL = "-O";
				VALIDATE_PRODUCT = YES;
			};
			name = Release;
		};
		ED5FEC44279798AD00AAB4F8 /* Debug */ = {
			isa = XCBuildConfiguration;
			buildSettings = {
				ASSETCATALOG_COMPILER_APPICON_NAME = AppIcon;
				ASSETCATALOG_COMPILER_GLOBAL_ACCENT_COLOR_NAME = AccentColor;
				CODE_SIGN_STYLE = Automatic;
				CURRENT_PROJECT_VERSION = 1;
				DEVELOPMENT_ASSET_PATHS = "\"IsabelLibrary/Preview Content\"";
				ENABLE_PREVIEWS = YES;
				GENERATE_INFOPLIST_FILE = YES;
				INFOPLIST_KEY_UIApplicationSceneManifest_Generation = YES;
				INFOPLIST_KEY_UIApplicationSupportsIndirectInputEvents = YES;
				INFOPLIST_KEY_UILaunchScreen_Generation = YES;
				INFOPLIST_KEY_UISupportedInterfaceOrientations_iPad = "UIInterfaceOrientationPortrait UIInterfaceOrientationPortraitUpsideDown UIInterfaceOrientationLandscapeLeft UIInterfaceOrientationLandscapeRight";
				INFOPLIST_KEY_UISupportedInterfaceOrientations_iPhone = "UIInterfaceOrientationPortrait UIInterfaceOrientationLandscapeLeft UIInterfaceOrientationLandscapeRight";
				LD_RUNPATH_SEARCH_PATHS = (
					"$(inherited)",
					"@executable_path/Frameworks",
				);
				MARKETING_VERSION = 1.0;
				PRODUCT_BUNDLE_IDENTIFIER = "Jainy-Alvin.IsabelLibrary";
				PRODUCT_NAME = "$(TARGET_NAME)";
				SWIFT_EMIT_LOC_STRINGS = YES;
				SWIFT_VERSION = 5.0;
				TARGETED_DEVICE_FAMILY = "1,2";
			};
			name = Debug;
		};
		ED5FEC45279798AD00AAB4F8 /* Release */ = {
			isa = XCBuildConfiguration;
			buildSettings = {
				ASSETCATALOG_COMPILER_APPICON_NAME = AppIcon;
				ASSETCATALOG_COMPILER_GLOBAL_ACCENT_COLOR_NAME = AccentColor;
				CODE_SIGN_STYLE = Automatic;
				CURRENT_PROJECT_VERSION = 1;
				DEVELOPMENT_ASSET_PATHS = "\"IsabelLibrary/Preview Content\"";
				ENABLE_PREVIEWS = YES;
				GENERATE_INFOPLIST_FILE = YES;
				INFOPLIST_KEY_UIApplicationSceneManifest_Generation = YES;
				INFOPLIST_KEY_UIApplicationSupportsIndirectInputEvents = YES;
				INFOPLIST_KEY_UILaunchScreen_Generation = YES;
				INFOPLIST_KEY_UISupportedInterfaceOrientations_iPad = "UIInterfaceOrientationPortrait UIInterfaceOrientationPortraitUpsideDown UIInterfaceOrientationLandscapeLeft UIInterfaceOrientationLandscapeRight";
				INFOPLIST_KEY_UISupportedInterfaceOrientations_iPhone = "UIInterfaceOrientationPortrait UIInterfaceOrientationLandscapeLeft UIInterfaceOrientationLandscapeRight";
				LD_RUNPATH_SEARCH_PATHS = (
					"$(inherited)",
					"@executable_path/Frameworks",
				);
				MARKETING_VERSION = 1.0;
				PRODUCT_BUNDLE_IDENTIFIER = "Jainy-Alvin.IsabelLibrary";
				PRODUCT_NAME = "$(TARGET_NAME)";
				SWIFT_EMIT_LOC_STRINGS = YES;
				SWIFT_VERSION = 5.0;
				TARGETED_DEVICE_FAMILY = "1,2";
			};
			name = Release;
		};
/* End XCBuildConfiguration section */

/* Begin XCConfigurationList section */
		ED5FEC30279798AD00AAB4F8 /* Build configuration list for PBXProject "IsabelLibrary" */ = {
			isa = XCConfigurationList;
			buildConfigurations = (
				ED5FEC41279798AD00AAB4F8 /* Debug */,
				ED5FEC42279798AD00AAB4F8 /* Release */,
			);
			defaultConfigurationIsVisible = 0;
			defaultConfigurationName = Release;
		};
		ED5FEC43279798AD00AAB4F8 /* Build configuration list for PBXNativeTarget "IsabelLibrary" */ = {
			isa = XCConfigurationList;
			buildConfigurations = (
				ED5FEC44279798AD00AAB4F8 /* Debug */,
				ED5FEC45279798AD00AAB4F8 /* Release */,
			);
			defaultConfigurationIsVisible = 0;
			defaultConfigurationName = Release;
		};
/* End XCConfigurationList section */
	};
	rootObject = ED5FEC2D279798AD00AAB4F8 /* Project object */;
}
